
Microsoft Visual Studio Solution File, Format Version 12.00
# Visual Studio Version 17
VisualStudioVersion = 17.4.33110.190
MinimumVisualStudioVersion = 10.0.40219.1
Project("{FAE04EC0-301F-11D3-BF4B-00C04F79EFBC}") = "supernaturalsightings-olivia", "supernaturalsightings-olivia\supernaturalsightings-olivia.csproj", "{FED136DB-3C10-4BB2-9791-F998F21ECAEC}"
EndProject
Global
	GlobalSection(SolutionConfigurationPlatforms) = preSolution
		Debug|Any CPU = Debug|Any CPU
		Release|Any CPU = Release|Any CPU
	EndGlobalSection
	GlobalSection(ProjectConfigurationPlatforms) = postSolution
		{FED136DB-3C10-4BB2-9791-F998F21ECAEC}.Debug|Any CPU.ActiveCfg = Debug|Any CPU
		{FED136DB-3C10-4BB2-9791-F998F21ECAEC}.Debug|Any CPU.Build.0 = Debug|Any CPU
		{FED136DB-3C10-4BB2-9791-F998F21ECAEC}.Release|Any CPU.ActiveCfg = Release|Any CPU
		{FED136DB-3C10-4BB2-9791-F998F21ECAEC}.Release|Any CPU.Build.0 = Release|Any CPU
	EndGlobalSection
	GlobalSection(SolutionProperties) = preSolution
		HideSolutionNode = FALSE
	EndGlobalSection
	GlobalSection(ExtensibilityGlobals) = postSolution
		SolutionGuid = {3EA62064-91A5-457E-B64E-9103C1E735FC}
	EndGlobalSection
EndGlobal
